// !$*UTF8*$!
{
	archiveVersion = 1;
	classes = {
	};
	objectVersion = 56;
	objects = {

/* Begin PBXBuildFile section */
		4C8AB7E12C3FB34200E3B190 /* MeSpaceApp.swift in Sources */ = {isa = PBXBuildFile; fileRef = 4C8AB7E02C3FB34200E3B190 /* MeSpaceApp.swift */; };
		4C8AB7E32C3FB34200E3B190 /* ContentView.swift in Sources */ = {isa = PBXBuildFile; fileRef = 4C8AB7E22C3FB34200E3B190 /* ContentView.swift */; };
		4C8AB7E52C3FB34500E3B190 /* Assets.xcassets in Resources */ = {isa = PBXBuildFile; fileRef = 4C8AB7E42C3FB34500E3B190 /* Assets.xcassets */; };
		4C8AB7E82C3FB34500E3B190 /* Preview Assets.xcassets in Resources */ = {isa = PBXBuildFile; fileRef = 4C8AB7E72C3FB34500E3B190 /* Preview Assets.xcassets */; };
		4C8AB8082C400D8300E3B190 /* LogInView.swift in Sources */ = {isa = PBXBuildFile; fileRef = 4C8AB8072C400D8300E3B190 /* LogInView.swift */; };
		4CBB94892C41015000EA1C40 /* LoginHeaderView.swift in Sources */ = {isa = PBXBuildFile; fileRef = 4CBB94882C41015000EA1C40 /* LoginHeaderView.swift */; };
		4CBB948B2C41017D00EA1C40 /* NavAndActionsView.swift in Sources */ = {isa = PBXBuildFile; fileRef = 4CBB948A2C41017D00EA1C40 /* NavAndActionsView.swift */; };
		4CBB948D2C4101A600EA1C40 /* RegistrationLinkView.swift in Sources */ = {isa = PBXBuildFile; fileRef = 4CBB948C2C4101A600EA1C40 /* RegistrationLinkView.swift */; };
		4CBB948F2C4101D100EA1C40 /* SignInInputView.swift in Sources */ = {isa = PBXBuildFile; fileRef = 4CBB948E2C4101D100EA1C40 /* SignInInputView.swift */; };
/* End PBXBuildFile section */

/* Begin PBXFileReference section */
		4C8AB7DD2C3FB34200E3B190 /* MeSpace.app */ = {isa = PBXFileReference; explicitFileType = wrapper.application; includeInIndex = 0; path = MeSpace.app; sourceTree = BUILT_PRODUCTS_DIR; };
		4C8AB7E02C3FB34200E3B190 /* MeSpaceApp.swift */ = {isa = PBXFileReference; lastKnownFileType = sourcecode.swift; path = MeSpaceApp.swift; sourceTree = "<group>"; };
		4C8AB7E22C3FB34200E3B190 /* ContentView.swift */ = {isa = PBXFileReference; lastKnownFileType = sourcecode.swift; path = ContentView.swift; sourceTree = "<group>"; };
		4C8AB7E42C3FB34500E3B190 /* Assets.xcassets */ = {isa = PBXFileReference; lastKnownFileType = folder.assetcatalog; path = Assets.xcassets; sourceTree = "<group>"; };
		4C8AB7E72C3FB34500E3B190 /* Preview Assets.xcassets */ = {isa = PBXFileReference; lastKnownFileType = folder.assetcatalog; path = "Preview Assets.xcassets"; sourceTree = "<group>"; };
		4C8AB8072C400D8300E3B190 /* LogInView.swift */ = {isa = PBXFileReference; lastKnownFileType = sourcecode.swift; path = LogInView.swift; sourceTree = "<group>"; };
		4CBB94882C41015000EA1C40 /* LoginHeaderView.swift */ = {isa = PBXFileReference; lastKnownFileType = sourcecode.swift; path = LoginHeaderView.swift; sourceTree = "<group>"; };
		4CBB948A2C41017D00EA1C40 /* NavAndActionsView.swift */ = {isa = PBXFileReference; lastKnownFileType = sourcecode.swift; path = NavAndActionsView.swift; sourceTree = "<group>"; };
		4CBB948C2C4101A600EA1C40 /* RegistrationLinkView.swift */ = {isa = PBXFileReference; lastKnownFileType = sourcecode.swift; path = RegistrationLinkView.swift; sourceTree = "<group>"; };
		4CBB948E2C4101D100EA1C40 /* SignInInputView.swift */ = {isa = PBXFileReference; lastKnownFileType = sourcecode.swift; path = SignInInputView.swift; sourceTree = "<group>"; };
/* End PBXFileReference section */

/* Begin PBXFrameworksBuildPhase section */
		4C8AB7DA2C3FB34200E3B190 /* Frameworks */ = {
			isa = PBXFrameworksBuildPhase;
			buildActionMask = 2147483647;
			files = (
			);
			runOnlyForDeploymentPostprocessing = 0;
		};
/* End PBXFrameworksBuildPhase section */

/* Begin PBXGroup section */
		4C8AB7D42C3FB34200E3B190 = {
			isa = PBXGroup;
			children = (
				4C8AB7DF2C3FB34200E3B190 /* MeSpace */,
				4C8AB7DE2C3FB34200E3B190 /* Products */,
			);
			sourceTree = "<group>";
		};
		4C8AB7DE2C3FB34200E3B190 /* Products */ = {
			isa = PBXGroup;
			children = (
				4C8AB7DD2C3FB34200E3B190 /* MeSpace.app */,
			);
			name = Products;
			sourceTree = "<group>";
		};
		4C8AB7DF2C3FB34200E3B190 /* MeSpace */ = {
			isa = PBXGroup;
			children = (
				4C8AB7EE2C3FF89200E3B190 /* App */,
				4C8AB7EF2C3FF8A000E3B190 /* Core */,
				4C8AB7F22C3FF8B500E3B190 /* Extensions */,
				4C8AB7F02C3FF8AA00E3B190 /* Model */,
				4C8AB7F32C3FF8C200E3B190 /* Services */,
				4C8AB7F12C3FF8B000E3B190 /* Utils */,
				4C8AB7E42C3FB34500E3B190 /* Assets.xcassets */,
				4C8AB7E62C3FB34500E3B190 /* Preview Content */,
			);
			path = MeSpace;
			sourceTree = "<group>";
		};
		4C8AB7E62C3FB34500E3B190 /* Preview Content */ = {
			isa = PBXGroup;
			children = (
				4C8AB7E72C3FB34500E3B190 /* Preview Assets.xcassets */,
			);
			path = "Preview Content";
			sourceTree = "<group>";
		};
		4C8AB7EE2C3FF89200E3B190 /* App */ = {
			isa = PBXGroup;
			children = (
				4C8AB7E02C3FB34200E3B190 /* MeSpaceApp.swift */,
			);
			path = App;
			sourceTree = "<group>";
		};
		4C8AB7EF2C3FF8A000E3B190 /* Core */ = {
			isa = PBXGroup;
			children = (
				4C8AB7FA2C4000C500E3B190 /* Authentication */,
				4C8AB7F72C4000A400E3B190 /* Components */,
				4C8AB7F82C4000AA00E3B190 /* CreatePost */,
				4C8AB7FB2C4000EC00E3B190 /* Explore */,
				4C8AB7F62C40009C00E3B190 /* Profile */,
				4C8AB7F92C4000B700E3B190 /* Message */,
				4C8AB7F52C40009100E3B190 /* Root */,
				4C8AB7F42C40008B00E3B190 /* TabBar */,
			);
			path = Core;
			sourceTree = "<group>";
		};
		4C8AB7F02C3FF8AA00E3B190 /* Model */ = {
			isa = PBXGroup;
			children = (
			);
			path = Model;
			sourceTree = "<group>";
		};
		4C8AB7F12C3FF8B000E3B190 /* Utils */ = {
			isa = PBXGroup;
			children = (
			);
			path = Utils;
			sourceTree = "<group>";
		};
		4C8AB7F22C3FF8B500E3B190 /* Extensions */ = {
			isa = PBXGroup;
			children = (
			);
			path = Extensions;
			sourceTree = "<group>";
		};
		4C8AB7F32C3FF8C200E3B190 /* Services */ = {
			isa = PBXGroup;
			children = (
			);
			path = Services;
			sourceTree = "<group>";
		};
		4C8AB7F42C40008B00E3B190 /* TabBar */ = {
			isa = PBXGroup;
			children = (
			);
			path = TabBar;
			sourceTree = "<group>";
		};
		4C8AB7F52C40009100E3B190 /* Root */ = {
			isa = PBXGroup;
			children = (
				4C8AB7E22C3FB34200E3B190 /* ContentView.swift */,
			);
			path = Root;
			sourceTree = "<group>";
		};
		4C8AB7F62C40009C00E3B190 /* Profile */ = {
			isa = PBXGroup;
			children = (
			);
			path = Profile;
			sourceTree = "<group>";
		};
		4C8AB7F72C4000A400E3B190 /* Components */ = {
			isa = PBXGroup;
			children = (
			);
			path = Components;
			sourceTree = "<group>";
		};
		4C8AB7F82C4000AA00E3B190 /* CreatePost */ = {
			isa = PBXGroup;
			children = (
			);
			path = CreatePost;
			sourceTree = "<group>";
		};
		4C8AB7F92C4000B700E3B190 /* Message */ = {
			isa = PBXGroup;
			children = (
			);
			path = Message;
			sourceTree = "<group>";
		};
		4C8AB7FA2C4000C500E3B190 /* Authentication */ = {
			isa = PBXGroup;
			children = (
				4C8AB7FE2C400BB900E3B190 /* Login */,
				4C8AB7FF2C400BBF00E3B190 /* Registration */,
			);
			path = Authentication;
			sourceTree = "<group>";
		};
		4C8AB7FB2C4000EC00E3B190 /* Explore */ = {
			isa = PBXGroup;
			children = (
			);
			path = Explore;
			sourceTree = "<group>";
		};
		4C8AB7FE2C400BB900E3B190 /* Login */ = {
			isa = PBXGroup;
			children = (
				4C8AB8002C400D1700E3B190 /* Views */,
				4C8AB8012C400D1C00E3B190 /* ViewModels */,
				4C8AB8022C400D2400E3B190 /* Models */,
			);
			path = Login;
			sourceTree = "<group>";
		};
		4C8AB7FF2C400BBF00E3B190 /* Registration */ = {
			isa = PBXGroup;
			children = (
				4C8AB8062C400D6200E3B190 /* Views */,
				4C8AB8042C400D4500E3B190 /* ViewModels */,
				4C8AB8032C400D4100E3B190 /* Models */,
			);
			path = Registration;
			sourceTree = "<group>";
		};
		4C8AB8002C400D1700E3B190 /* Views */ = {
			isa = PBXGroup;
			children = (
				4CBB94872C40E66400EA1C40 /* SubViews */,
				4C8AB8072C400D8300E3B190 /* LogInView.swift */,
			);
			path = Views;
			sourceTree = "<group>";
		};
		4C8AB8012C400D1C00E3B190 /* ViewModels */ = {
			isa = PBXGroup;
			children = (
			);
			path = ViewModels;
			sourceTree = "<group>";
		};
		4C8AB8022C400D2400E3B190 /* Models */ = {
			isa = PBXGroup;
			children = (
			);
			path = Models;
			sourceTree = "<group>";
		};
		4C8AB8032C400D4100E3B190 /* Models */ = {
			isa = PBXGroup;
			children = (
			);
			path = Models;
			sourceTree = "<group>";
		};
		4C8AB8042C400D4500E3B190 /* ViewModels */ = {
			isa = PBXGroup;
			children = (
			);
			path = ViewModels;
			sourceTree = "<group>";
		};
		4C8AB8062C400D6200E3B190 /* Views */ = {
			isa = PBXGroup;
			children = (
			);
			path = Views;
			sourceTree = "<group>";
		};
		4CBB94872C40E66400EA1C40 /* SubViews */ = {
			isa = PBXGroup;
			children = (
				4CBB94882C41015000EA1C40 /* LoginHeaderView.swift */,
				4CBB948A2C41017D00EA1C40 /* NavAndActionsView.swift */,
				4CBB948C2C4101A600EA1C40 /* RegistrationLinkView.swift */,
				4CBB948E2C4101D100EA1C40 /* SignInInputView.swift */,
			);
			path = SubViews;
			sourceTree = "<group>";
		};
/* End PBXGroup section */

/* Begin PBXNativeTarget section */
		4C8AB7DC2C3FB34200E3B190 /* MeSpace */ = {
			isa = PBXNativeTarget;
			buildConfigurationList = 4C8AB7EB2C3FB34500E3B190 /* Build configuration list for PBXNativeTarget "MeSpace" */;
			buildPhases = (
				4C8AB7D92C3FB34200E3B190 /* Sources */,
				4C8AB7DA2C3FB34200E3B190 /* Frameworks */,
				4C8AB7DB2C3FB34200E3B190 /* Resources */,
			);
			buildRules = (
			);
			dependencies = (
			);
			name = MeSpace;
			productName = MeSpace;
			productReference = 4C8AB7DD2C3FB34200E3B190 /* MeSpace.app */;
			productType = "com.apple.product-type.application";
		};
/* End PBXNativeTarget section */

/* Begin PBXProject section */
		4C8AB7D52C3FB34200E3B190 /* Project object */ = {
			isa = PBXProject;
			attributes = {
				BuildIndependentTargetsInParallel = 1;
				LastSwiftUpdateCheck = 1540;
				LastUpgradeCheck = 1540;
				TargetAttributes = {
					4C8AB7DC2C3FB34200E3B190 = {
						CreatedOnToolsVersion = 15.4;
					};
				};
			};
			buildConfigurationList = 4C8AB7D82C3FB34200E3B190 /* Build configuration list for PBXProject "MeSpace" */;
			compatibilityVersion = "Xcode 14.0";
			developmentRegion = en;
			hasScannedForEncodings = 0;
			knownRegions = (
				en,
				Base,
			);
			mainGroup = 4C8AB7D42C3FB34200E3B190;
			productRefGroup = 4C8AB7DE2C3FB34200E3B190 /* Products */;
			projectDirPath = "";
			projectRoot = "";
			targets = (
				4C8AB7DC2C3FB34200E3B190 /* MeSpace */,
			);
		};
/* End PBXProject section */

/* Begin PBXResourcesBuildPhase section */
		4C8AB7DB2C3FB34200E3B190 /* Resources */ = {
			isa = PBXResourcesBuildPhase;
			buildActionMask = 2147483647;
			files = (
				4C8AB7E82C3FB34500E3B190 /* Preview Assets.xcassets in Resources */,
				4C8AB7E52C3FB34500E3B190 /* Assets.xcassets in Resources */,
			);
			runOnlyForDeploymentPostprocessing = 0;
		};
/* End PBXResourcesBuildPhase section */

/* Begin PBXSourcesBuildPhase section */
		4C8AB7D92C3FB34200E3B190 /* Sources */ = {
			isa = PBXSourcesBuildPhase;
			buildActionMask = 2147483647;
			files = (
				4C8AB8082C400D8300E3B190 /* LogInView.swift in Sources */,
				4CBB94892C41015000EA1C40 /* LoginHeaderView.swift in Sources */,
				4C8AB7E32C3FB34200E3B190 /* ContentView.swift in Sources */,
				4CBB948F2C4101D100EA1C40 /* SignInInputView.swift in Sources */,
				4CBB948B2C41017D00EA1C40 /* NavAndActionsView.swift in Sources */,
				4C8AB7E12C3FB34200E3B190 /* MeSpaceApp.swift in Sources */,
				4CBB948D2C4101A600EA1C40 /* RegistrationLinkView.swift in Sources */,
			);
			runOnlyForDeploymentPostprocessing = 0;
		};
/* End PBXSourcesBuildPhase section */

/* Begin XCBuildConfiguration section */
		4C8AB7E92C3FB34500E3B190 /* Debug */ = {
			isa = XCBuildConfiguration;
			buildSettings = {
				ALWAYS_SEARCH_USER_PATHS = NO;
				ASSETCATALOG_COMPILER_GENERATE_SWIFT_ASSET_SYMBOL_EXTENSIONS = YES;
				CLANG_ANALYZER_NONNULL = YES;
				CLANG_ANALYZER_NUMBER_OBJECT_CONVERSION = YES_AGGRESSIVE;
				CLANG_CXX_LANGUAGE_STANDARD = "gnu++20";
				CLANG_ENABLE_MODULES = YES;
				CLANG_ENABLE_OBJC_ARC = YES;
				CLANG_ENABLE_OBJC_WEAK = YES;
				CLANG_WARN_BLOCK_CAPTURE_AUTORELEASING = YES;
				CLANG_WARN_BOOL_CONVERSION = YES;
				CLANG_WARN_COMMA = YES;
				CLANG_WARN_CONSTANT_CONVERSION = YES;
				CLANG_WARN_DEPRECATED_OBJC_IMPLEMENTATIONS = YES;
				CLANG_WARN_DIRECT_OBJC_ISA_USAGE = YES_ERROR;
				CLANG_WARN_DOCUMENTATION_COMMENTS = YES;
				CLANG_WARN_EMPTY_BODY = YES;
				CLANG_WARN_ENUM_CONVERSION = YES;
				CLANG_WARN_INFINITE_RECURSION = YES;
				CLANG_WARN_INT_CONVERSION = YES;
				CLANG_WARN_NON_LITERAL_NULL_CONVERSION = YES;
				CLANG_WARN_OBJC_IMPLICIT_RETAIN_SELF = YES;
				CLANG_WARN_OBJC_LITERAL_CONVERSION = YES;
				CLANG_WARN_OBJC_ROOT_CLASS = YES_ERROR;
				CLANG_WARN_QUOTED_INCLUDE_IN_FRAMEWORK_HEADER = YES;
				CLANG_WARN_RANGE_LOOP_ANALYSIS = YES;
				CLANG_WARN_STRICT_PROTOTYPES = YES;
				CLANG_WARN_SUSPICIOUS_MOVE = YES;
				CLANG_WARN_UNGUARDED_AVAILABILITY = YES_AGGRESSIVE;
				CLANG_WARN_UNREACHABLE_CODE = YES;
				CLANG_WARN__DUPLICATE_METHOD_MATCH = YES;
				COPY_PHASE_STRIP = NO;
				DEBUG_INFORMATION_FORMAT = dwarf;
				ENABLE_STRICT_OBJC_MSGSEND = YES;
				ENABLE_TESTABILITY = YES;
				ENABLE_USER_SCRIPT_SANDBOXING = YES;
				GCC_C_LANGUAGE_STANDARD = gnu17;
				GCC_DYNAMIC_NO_PIC = NO;
				GCC_NO_COMMON_BLOCKS = YES;
				GCC_OPTIMIZATION_LEVEL = 0;
				GCC_PREPROCESSOR_DEFINITIONS = (
					"DEBUG=1",
					"$(inherited)",
				);
				GCC_WARN_64_TO_32_BIT_CONVERSION = YES;
				GCC_WARN_ABOUT_RETURN_TYPE = YES_ERROR;
				GCC_WARN_UNDECLARED_SELECTOR = YES;
				GCC_WARN_UNINITIALIZED_AUTOS = YES_AGGRESSIVE;
				GCC_WARN_UNUSED_FUNCTION = YES;
				GCC_WARN_UNUSED_VARIABLE = YES;
				IPHONEOS_DEPLOYMENT_TARGET = 17.5;
				LOCALIZATION_PREFERS_STRING_CATALOGS = YES;
				MTL_ENABLE_DEBUG_INFO = INCLUDE_SOURCE;
				MTL_FAST_MATH = YES;
				ONLY_ACTIVE_ARCH = YES;
				SDKROOT = iphoneos;
				SWIFT_ACTIVE_COMPILATION_CONDITIONS = "DEBUG $(inherited)";
				SWIFT_OPTIMIZATION_LEVEL = "-Onone";
			};
			name = Debug;
		};
		4C8AB7EA2C3FB34500E3B190 /* Release */ = {
			isa = XCBuildConfiguration;
			buildSettings = {
				ALWAYS_SEARCH_USER_PATHS = NO;
				ASSETCATALOG_COMPILER_GENERATE_SWIFT_ASSET_SYMBOL_EXTENSIONS = YES;
				CLANG_ANALYZER_NONNULL = YES;
				CLANG_ANALYZER_NUMBER_OBJECT_CONVERSION = YES_AGGRESSIVE;
				CLANG_CXX_LANGUAGE_STANDARD = "gnu++20";
				CLANG_ENABLE_MODULES = YES;
				CLANG_ENABLE_OBJC_ARC = YES;
				CLANG_ENABLE_OBJC_WEAK = YES;
				CLANG_WARN_BLOCK_CAPTURE_AUTORELEASING = YES;
				CLANG_WARN_BOOL_CONVERSION = YES;
				CLANG_WARN_COMMA = YES;
				CLANG_WARN_CONSTANT_CONVERSION = YES;
				CLANG_WARN_DEPRECATED_OBJC_IMPLEMENTATIONS = YES;
				CLANG_WARN_DIRECT_OBJC_ISA_USAGE = YES_ERROR;
				CLANG_WARN_DOCUMENTATION_COMMENTS = YES;
				CLANG_WARN_EMPTY_BODY = YES;
				CLANG_WARN_ENUM_CONVERSION = YES;
				CLANG_WARN_INFINITE_RECURSION = YES;
				CLANG_WARN_INT_CONVERSION = YES;
				CLANG_WARN_NON_LITERAL_NULL_CONVERSION = YES;
				CLANG_WARN_OBJC_IMPLICIT_RETAIN_SELF = YES;
				CLANG_WARN_OBJC_LITERAL_CONVERSION = YES;
				CLANG_WARN_OBJC_ROOT_CLASS = YES_ERROR;
				CLANG_WARN_QUOTED_INCLUDE_IN_FRAMEWORK_HEADER = YES;
				CLANG_WARN_RANGE_LOOP_ANALYSIS = YES;
				CLANG_WARN_STRICT_PROTOTYPES = YES;
				CLANG_WARN_SUSPICIOUS_MOVE = YES;
				CLANG_WARN_UNGUARDED_AVAILABILITY = YES_AGGRESSIVE;
				CLANG_WARN_UNREACHABLE_CODE = YES;
				CLANG_WARN__DUPLICATE_METHOD_MATCH = YES;
				COPY_PHASE_STRIP = NO;
				DEBUG_INFORMATION_FORMAT = "dwarf-with-dsym";
				ENABLE_NS_ASSERTIONS = NO;
				ENABLE_STRICT_OBJC_MSGSEND = YES;
				ENABLE_USER_SCRIPT_SANDBOXING = YES;
				GCC_C_LANGUAGE_STANDARD = gnu17;
				GCC_NO_COMMON_BLOCKS = YES;
				GCC_WARN_64_TO_32_BIT_CONVERSION = YES;
				GCC_WARN_ABOUT_RETURN_TYPE = YES_ERROR;
				GCC_WARN_UNDECLARED_SELECTOR = YES;
				GCC_WARN_UNINITIALIZED_AUTOS = YES_AGGRESSIVE;
				GCC_WARN_UNUSED_FUNCTION = YES;
				GCC_WARN_UNUSED_VARIABLE = YES;
				IPHONEOS_DEPLOYMENT_TARGET = 17.5;
				LOCALIZATION_PREFERS_STRING_CATALOGS = YES;
				MTL_ENABLE_DEBUG_INFO = NO;
				MTL_FAST_MATH = YES;
				SDKROOT = iphoneos;
				SWIFT_COMPILATION_MODE = wholemodule;
				VALIDATE_PRODUCT = YES;
			};
			name = Release;
		};
		4C8AB7EC2C3FB34500E3B190 /* Debug */ = {
			isa = XCBuildConfiguration;
			buildSettings = {
				ASSETCATALOG_COMPILER_APPICON_NAME = AppIcon;
				ASSETCATALOG_COMPILER_GLOBAL_ACCENT_COLOR_NAME = AccentColor;
				CODE_SIGN_STYLE = Automatic;
				CURRENT_PROJECT_VERSION = 1;
				DEVELOPMENT_ASSET_PATHS = "\"MeSpace/Preview Content\"";
				ENABLE_PREVIEWS = YES;
				GENERATE_INFOPLIST_FILE = YES;
				INFOPLIST_KEY_UIApplicationSceneManifest_Generation = YES;
				INFOPLIST_KEY_UIApplicationSupportsIndirectInputEvents = YES;
				INFOPLIST_KEY_UILaunchScreen_Generation = YES;
				INFOPLIST_KEY_UISupportedInterfaceOrientations_iPad = "UIInterfaceOrientationPortrait UIInterfaceOrientationPortraitUpsideDown UIInterfaceOrientationLandscapeLeft UIInterfaceOrientationLandscapeRight";
				INFOPLIST_KEY_UISupportedInterfaceOrientations_iPhone = "UIInterfaceOrientationPortrait UIInterfaceOrientationLandscapeLeft UIInterfaceOrientationLandscapeRight";
				LD_RUNPATH_SEARCH_PATHS = (
					"$(inherited)",
					"@executable_path/Frameworks",
				);
				MARKETING_VERSION = 1.0;
				PRODUCT_BUNDLE_IDENTIFIER = com.mespace.MeSpace;
				PRODUCT_NAME = "$(TARGET_NAME)";
				SWIFT_EMIT_LOC_STRINGS = YES;
				SWIFT_VERSION = 5.0;
				TARGETED_DEVICE_FAMILY = "1,2";
			};
			name = Debug;
		};
		4C8AB7ED2C3FB34500E3B190 /* Release */ = {
			isa = XCBuildConfiguration;
			buildSettings = {
				ASSETCATALOG_COMPILER_APPICON_NAME = AppIcon;
				ASSETCATALOG_COMPILER_GLOBAL_ACCENT_COLOR_NAME = AccentColor;
				CODE_SIGN_STYLE = Automatic;
				CURRENT_PROJECT_VERSION = 1;
				DEVELOPMENT_ASSET_PATHS = "\"MeSpace/Preview Content\"";
				ENABLE_PREVIEWS = YES;
				GENERATE_INFOPLIST_FILE = YES;
				INFOPLIST_KEY_UIApplicationSceneManifest_Generation = YES;
				INFOPLIST_KEY_UIApplicationSupportsIndirectInputEvents = YES;
				INFOPLIST_KEY_UILaunchScreen_Generation = YES;
				INFOPLIST_KEY_UISupportedInterfaceOrientations_iPad = "UIInterfaceOrientationPortrait UIInterfaceOrientationPortraitUpsideDown UIInterfaceOrientationLandscapeLeft UIInterfaceOrientationLandscapeRight";
				INFOPLIST_KEY_UISupportedInterfaceOrientations_iPhone = "UIInterfaceOrientationPortrait UIInterfaceOrientationLandscapeLeft UIInterfaceOrientationLandscapeRight";
				LD_RUNPATH_SEARCH_PATHS = (
					"$(inherited)",
					"@executable_path/Frameworks",
				);
				MARKETING_VERSION = 1.0;
				PRODUCT_BUNDLE_IDENTIFIER = com.mespace.MeSpace;
				PRODUCT_NAME = "$(TARGET_NAME)";
				SWIFT_EMIT_LOC_STRINGS = YES;
				SWIFT_VERSION = 5.0;
				TARGETED_DEVICE_FAMILY = "1,2";
			};
			name = Release;
		};
/* End XCBuildConfiguration section */

/* Begin XCConfigurationList section */
		4C8AB7D82C3FB34200E3B190 /* Build configuration list for PBXProject "MeSpace" */ = {
			isa = XCConfigurationList;
			buildConfigurations = (
				4C8AB7E92C3FB34500E3B190 /* Debug */,
				4C8AB7EA2C3FB34500E3B190 /* Release */,
			);
			defaultConfigurationIsVisible = 0;
			defaultConfigurationName = Release;
		};
		4C8AB7EB2C3FB34500E3B190 /* Build configuration list for PBXNativeTarget "MeSpace" */ = {
			isa = XCConfigurationList;
			buildConfigurations = (
				4C8AB7EC2C3FB34500E3B190 /* Debug */,
				4C8AB7ED2C3FB34500E3B190 /* Release */,
			);
			defaultConfigurationIsVisible = 0;
			defaultConfigurationName = Release;
		};
/* End XCConfigurationList section */
	};
	rootObject = 4C8AB7D52C3FB34200E3B190 /* Project object */;
}
