// !$*UTF8*$!
{
	archiveVersion = 1;
	classes = {
	};
	objectVersion = 56;
	objects = {

/* Begin PBXBuildFile section */
		4C0508482C58866500A6DFBE /* CommentInputView.swift in Sources */ = {isa = PBXBuildFile; fileRef = 4C0508472C58866500A6DFBE /* CommentInputView.swift */; };
		4C8AB7E12C3FB34200E3B190 /* MeSpaceApp.swift in Sources */ = {isa = PBXBuildFile; fileRef = 4C8AB7E02C3FB34200E3B190 /* MeSpaceApp.swift */; };
		4C8AB7E32C3FB34200E3B190 /* ContentView.swift in Sources */ = {isa = PBXBuildFile; fileRef = 4C8AB7E22C3FB34200E3B190 /* ContentView.swift */; };
		4C8AB7E52C3FB34500E3B190 /* Assets.xcassets in Resources */ = {isa = PBXBuildFile; fileRef = 4C8AB7E42C3FB34500E3B190 /* Assets.xcassets */; };
		4C8AB7E82C3FB34500E3B190 /* Preview Assets.xcassets in Resources */ = {isa = PBXBuildFile; fileRef = 4C8AB7E72C3FB34500E3B190 /* Preview Assets.xcassets */; };
		4C8AB8082C400D8300E3B190 /* LogInView.swift in Sources */ = {isa = PBXBuildFile; fileRef = 4C8AB8072C400D8300E3B190 /* LogInView.swift */; };
		4CA480452C4D49F800874D20 /* LinksContainerView.swift in Sources */ = {isa = PBXBuildFile; fileRef = 4CA480442C4D49F800874D20 /* LinksContainerView.swift */; };
		4CB8805E2C4E44B5008C1605 /* ExtraContainer.swift in Sources */ = {isa = PBXBuildFile; fileRef = 4CB8805D2C4E44B5008C1605 /* ExtraContainer.swift */; };
		4CBB94892C41015000EA1C40 /* LoginHeaderView.swift in Sources */ = {isa = PBXBuildFile; fileRef = 4CBB94882C41015000EA1C40 /* LoginHeaderView.swift */; };
		4CBB948B2C41017D00EA1C40 /* NavAndActionsView.swift in Sources */ = {isa = PBXBuildFile; fileRef = 4CBB948A2C41017D00EA1C40 /* NavAndActionsView.swift */; };
		4CBB948D2C4101A600EA1C40 /* RegistrationLinkView.swift in Sources */ = {isa = PBXBuildFile; fileRef = 4CBB948C2C4101A600EA1C40 /* RegistrationLinkView.swift */; };
		4CBB948F2C4101D100EA1C40 /* SignInInputView.swift in Sources */ = {isa = PBXBuildFile; fileRef = 4CBB948E2C4101D100EA1C40 /* SignInInputView.swift */; };
		4CBB94912C41472400EA1C40 /* RegistrationView.swift in Sources */ = {isa = PBXBuildFile; fileRef = 4CBB94902C41472400EA1C40 /* RegistrationView.swift */; };
		4CBB94942C4147CB00EA1C40 /* BackgroundView.swift in Sources */ = {isa = PBXBuildFile; fileRef = 4CBB94932C4147CB00EA1C40 /* BackgroundView.swift */; };
		4CBB94962C41487B00EA1C40 /* InputFieldView.swift in Sources */ = {isa = PBXBuildFile; fileRef = 4CBB94952C41487B00EA1C40 /* InputFieldView.swift */; };
		4CBB94982C41490F00EA1C40 /* RegistrationFormView.swift in Sources */ = {isa = PBXBuildFile; fileRef = 4CBB94972C41490F00EA1C40 /* RegistrationFormView.swift */; };
		4CBB949A2C41492A00EA1C40 /* RegistrationHeaderView.swift in Sources */ = {isa = PBXBuildFile; fileRef = 4CBB94992C41492A00EA1C40 /* RegistrationHeaderView.swift */; };
		4CBB949C2C41494600EA1C40 /* SignInPromptView.swift in Sources */ = {isa = PBXBuildFile; fileRef = 4CBB949B2C41494600EA1C40 /* SignInPromptView.swift */; };
		4CBB949E2C41716800EA1C40 /* MeSpaceTabView.swift in Sources */ = {isa = PBXBuildFile; fileRef = 4CBB949D2C41716800EA1C40 /* MeSpaceTabView.swift */; };
		4CBB94A02C4171F200EA1C40 /* CustomTabView.swift in Sources */ = {isa = PBXBuildFile; fileRef = 4CBB949F2C4171F200EA1C40 /* CustomTabView.swift */; };
		4CDC31832C4FCF7700951575 /* BlurType.swift in Sources */ = {isa = PBXBuildFile; fileRef = 4CDC31822C4FCF7700951575 /* BlurType.swift */; };
		4CDC31852C4FD40400951575 /* BlurView.swift in Sources */ = {isa = PBXBuildFile; fileRef = 4CDC31842C4FD40400951575 /* BlurView.swift */; };
		4CDC31872C4FDA8300951575 /* CanvasTabBar.swift in Sources */ = {isa = PBXBuildFile; fileRef = 4CDC31862C4FDA8300951575 /* CanvasTabBar.swift */; };
		4CDC57182C57D49A0042855E /* OwnPostDetailedView.swift in Sources */ = {isa = PBXBuildFile; fileRef = 4CDC57172C57D49A0042855E /* OwnPostDetailedView.swift */; };
		4CDC571B2C57DE540042855E /* PostHeaderView.swift in Sources */ = {isa = PBXBuildFile; fileRef = 4CDC571A2C57DE540042855E /* PostHeaderView.swift */; };
		4CDC571D2C57DF5D0042855E /* PostCommentsView.swift in Sources */ = {isa = PBXBuildFile; fileRef = 4CDC571C2C57DF5D0042855E /* PostCommentsView.swift */; };
		4CDC571F2C57E0590042855E /* PostDescriptionView.swift in Sources */ = {isa = PBXBuildFile; fileRef = 4CDC571E2C57E0590042855E /* PostDescriptionView.swift */; };
		4CDC5C752C47A2E50083F590 /* FollowerDataView.swift in Sources */ = {isa = PBXBuildFile; fileRef = 4CDC5C742C47A2E50083F590 /* FollowerDataView.swift */; };
		4CDC5C772C47A5160083F590 /* ContentFilterTabBarWrapper.swift in Sources */ = {isa = PBXBuildFile; fileRef = 4CDC5C762C47A5160083F590 /* ContentFilterTabBarWrapper.swift */; };
		4CDC5C792C47AD160083F590 /* SpaceContainer.swift in Sources */ = {isa = PBXBuildFile; fileRef = 4CDC5C782C47AD160083F590 /* SpaceContainer.swift */; };
		4CDC5C7B2C47E8910083F590 /* CommentWall.swift in Sources */ = {isa = PBXBuildFile; fileRef = 4CDC5C7A2C47E8910083F590 /* CommentWall.swift */; };
		4CDE08652C54F79100E2A783 /* Color.swift in Sources */ = {isa = PBXBuildFile; fileRef = 4CDE08642C54F79100E2A783 /* Color.swift */; };
		4CDE08692C551CC800E2A783 /* Post.swift in Sources */ = {isa = PBXBuildFile; fileRef = 4CDE08682C551CC800E2A783 /* Post.swift */; };
		4CDE086C2C55210300E2A783 /* PostView.swift in Sources */ = {isa = PBXBuildFile; fileRef = 4CDE086B2C55210300E2A783 /* PostView.swift */; };
		4CE1AA622C4240A200FE5594 /* SpaceCanvasView.swift in Sources */ = {isa = PBXBuildFile; fileRef = 4CE1AA612C4240A200FE5594 /* SpaceCanvasView.swift */; };
		4CE1AA652C42410300FE5594 /* ProfileHeader.swift in Sources */ = {isa = PBXBuildFile; fileRef = 4CE1AA642C42410300FE5594 /* ProfileHeader.swift */; };
		4CE1AA672C424FF200FE5594 /* ProfileView.swift in Sources */ = {isa = PBXBuildFile; fileRef = 4CE1AA662C424FF200FE5594 /* ProfileView.swift */; };
		4CE1AA6C2C42570A00FE5594 /* ContentSheet.swift in Sources */ = {isa = PBXBuildFile; fileRef = 4CE1AA6B2C42570A00FE5594 /* ContentSheet.swift */; };
		4CE1AA712C42597100FE5594 /* BottomSheetDragGestureModifier.swift in Sources */ = {isa = PBXBuildFile; fileRef = 4CE1AA702C42597100FE5594 /* BottomSheetDragGestureModifier.swift */; };
		4CE1AA752C425BCF00FE5594 /* ContentProfileWrapper.swift in Sources */ = {isa = PBXBuildFile; fileRef = 4CE1AA742C425BCF00FE5594 /* ContentProfileWrapper.swift */; };
		4CE1AA772C425C1D00FE5594 /* ContentProfileInfoView.swift in Sources */ = {isa = PBXBuildFile; fileRef = 4CE1AA762C425C1D00FE5594 /* ContentProfileInfoView.swift */; };
		4CE1AA812C425EE400FE5594 /* TabBarContentFilter.swift in Sources */ = {isa = PBXBuildFile; fileRef = 4CE1AA802C425EE400FE5594 /* TabBarContentFilter.swift */; };
		4CE1AA8F2C4260B400FE5594 /* PostEngagementView.swift in Sources */ = {isa = PBXBuildFile; fileRef = 4CE1AA8E2C4260B400FE5594 /* PostEngagementView.swift */; };
		4CE1AA912C42CBD600FE5594 /* ExploreView.swift in Sources */ = {isa = PBXBuildFile; fileRef = 4CE1AA902C42CBD600FE5594 /* ExploreView.swift */; };
/* End PBXBuildFile section */

/* Begin PBXFileReference section */
		4C0508472C58866500A6DFBE /* CommentInputView.swift */ = {isa = PBXFileReference; lastKnownFileType = sourcecode.swift; path = CommentInputView.swift; sourceTree = "<group>"; };
		4C8AB7DD2C3FB34200E3B190 /* MeSpace.app */ = {isa = PBXFileReference; explicitFileType = wrapper.application; includeInIndex = 0; path = MeSpace.app; sourceTree = BUILT_PRODUCTS_DIR; };
		4C8AB7E02C3FB34200E3B190 /* MeSpaceApp.swift */ = {isa = PBXFileReference; lastKnownFileType = sourcecode.swift; path = MeSpaceApp.swift; sourceTree = "<group>"; };
		4C8AB7E22C3FB34200E3B190 /* ContentView.swift */ = {isa = PBXFileReference; lastKnownFileType = sourcecode.swift; path = ContentView.swift; sourceTree = "<group>"; };
		4C8AB7E42C3FB34500E3B190 /* Assets.xcassets */ = {isa = PBXFileReference; lastKnownFileType = folder.assetcatalog; path = Assets.xcassets; sourceTree = "<group>"; };
		4C8AB7E72C3FB34500E3B190 /* Preview Assets.xcassets */ = {isa = PBXFileReference; lastKnownFileType = folder.assetcatalog; path = "Preview Assets.xcassets"; sourceTree = "<group>"; };
		4C8AB8072C400D8300E3B190 /* LogInView.swift */ = {isa = PBXFileReference; lastKnownFileType = sourcecode.swift; path = LogInView.swift; sourceTree = "<group>"; };
		4CA480442C4D49F800874D20 /* LinksContainerView.swift */ = {isa = PBXFileReference; lastKnownFileType = sourcecode.swift; path = LinksContainerView.swift; sourceTree = "<group>"; };
		4CB8805D2C4E44B5008C1605 /* ExtraContainer.swift */ = {isa = PBXFileReference; lastKnownFileType = sourcecode.swift; path = ExtraContainer.swift; sourceTree = "<group>"; };
		4CBB94882C41015000EA1C40 /* LoginHeaderView.swift */ = {isa = PBXFileReference; lastKnownFileType = sourcecode.swift; path = LoginHeaderView.swift; sourceTree = "<group>"; };
		4CBB948A2C41017D00EA1C40 /* NavAndActionsView.swift */ = {isa = PBXFileReference; lastKnownFileType = sourcecode.swift; path = NavAndActionsView.swift; sourceTree = "<group>"; };
		4CBB948C2C4101A600EA1C40 /* RegistrationLinkView.swift */ = {isa = PBXFileReference; lastKnownFileType = sourcecode.swift; path = RegistrationLinkView.swift; sourceTree = "<group>"; };
		4CBB948E2C4101D100EA1C40 /* SignInInputView.swift */ = {isa = PBXFileReference; lastKnownFileType = sourcecode.swift; path = SignInInputView.swift; sourceTree = "<group>"; };
		4CBB94902C41472400EA1C40 /* RegistrationView.swift */ = {isa = PBXFileReference; lastKnownFileType = sourcecode.swift; path = RegistrationView.swift; sourceTree = "<group>"; };
		4CBB94932C4147CB00EA1C40 /* BackgroundView.swift */ = {isa = PBXFileReference; lastKnownFileType = sourcecode.swift; path = BackgroundView.swift; sourceTree = "<group>"; };
		4CBB94952C41487B00EA1C40 /* InputFieldView.swift */ = {isa = PBXFileReference; lastKnownFileType = sourcecode.swift; path = InputFieldView.swift; sourceTree = "<group>"; };
		4CBB94972C41490F00EA1C40 /* RegistrationFormView.swift */ = {isa = PBXFileReference; lastKnownFileType = sourcecode.swift; path = RegistrationFormView.swift; sourceTree = "<group>"; };
		4CBB94992C41492A00EA1C40 /* RegistrationHeaderView.swift */ = {isa = PBXFileReference; lastKnownFileType = sourcecode.swift; path = RegistrationHeaderView.swift; sourceTree = "<group>"; };
		4CBB949B2C41494600EA1C40 /* SignInPromptView.swift */ = {isa = PBXFileReference; lastKnownFileType = sourcecode.swift; path = SignInPromptView.swift; sourceTree = "<group>"; };
		4CBB949D2C41716800EA1C40 /* MeSpaceTabView.swift */ = {isa = PBXFileReference; lastKnownFileType = sourcecode.swift; path = MeSpaceTabView.swift; sourceTree = "<group>"; };
		4CBB949F2C4171F200EA1C40 /* CustomTabView.swift */ = {isa = PBXFileReference; lastKnownFileType = sourcecode.swift; path = CustomTabView.swift; sourceTree = "<group>"; };
		4CDC31822C4FCF7700951575 /* BlurType.swift */ = {isa = PBXFileReference; lastKnownFileType = sourcecode.swift; path = BlurType.swift; sourceTree = "<group>"; };
		4CDC31842C4FD40400951575 /* BlurView.swift */ = {isa = PBXFileReference; lastKnownFileType = sourcecode.swift; path = BlurView.swift; sourceTree = "<group>"; };
		4CDC31862C4FDA8300951575 /* CanvasTabBar.swift */ = {isa = PBXFileReference; lastKnownFileType = sourcecode.swift; path = CanvasTabBar.swift; sourceTree = "<group>"; };
		4CDC57172C57D49A0042855E /* OwnPostDetailedView.swift */ = {isa = PBXFileReference; lastKnownFileType = sourcecode.swift; path = OwnPostDetailedView.swift; sourceTree = "<group>"; };
		4CDC571A2C57DE540042855E /* PostHeaderView.swift */ = {isa = PBXFileReference; lastKnownFileType = sourcecode.swift; path = PostHeaderView.swift; sourceTree = "<group>"; };
		4CDC571C2C57DF5D0042855E /* PostCommentsView.swift */ = {isa = PBXFileReference; lastKnownFileType = sourcecode.swift; path = PostCommentsView.swift; sourceTree = "<group>"; };
		4CDC571E2C57E0590042855E /* PostDescriptionView.swift */ = {isa = PBXFileReference; lastKnownFileType = sourcecode.swift; path = PostDescriptionView.swift; sourceTree = "<group>"; };
		4CDC5C742C47A2E50083F590 /* FollowerDataView.swift */ = {isa = PBXFileReference; lastKnownFileType = sourcecode.swift; path = FollowerDataView.swift; sourceTree = "<group>"; };
		4CDC5C762C47A5160083F590 /* ContentFilterTabBarWrapper.swift */ = {isa = PBXFileReference; lastKnownFileType = sourcecode.swift; path = ContentFilterTabBarWrapper.swift; sourceTree = "<group>"; };
		4CDC5C782C47AD160083F590 /* SpaceContainer.swift */ = {isa = PBXFileReference; lastKnownFileType = sourcecode.swift; path = SpaceContainer.swift; sourceTree = "<group>"; };
		4CDC5C7A2C47E8910083F590 /* CommentWall.swift */ = {isa = PBXFileReference; lastKnownFileType = sourcecode.swift; path = CommentWall.swift; sourceTree = "<group>"; };
		4CDE08642C54F79100E2A783 /* Color.swift */ = {isa = PBXFileReference; lastKnownFileType = sourcecode.swift; path = Color.swift; sourceTree = "<group>"; };
		4CDE08682C551CC800E2A783 /* Post.swift */ = {isa = PBXFileReference; lastKnownFileType = sourcecode.swift; path = Post.swift; sourceTree = "<group>"; };
		4CDE086B2C55210300E2A783 /* PostView.swift */ = {isa = PBXFileReference; lastKnownFileType = sourcecode.swift; path = PostView.swift; sourceTree = "<group>"; };
		4CE1AA612C4240A200FE5594 /* SpaceCanvasView.swift */ = {isa = PBXFileReference; lastKnownFileType = sourcecode.swift; path = SpaceCanvasView.swift; sourceTree = "<group>"; };
		4CE1AA642C42410300FE5594 /* ProfileHeader.swift */ = {isa = PBXFileReference; lastKnownFileType = sourcecode.swift; path = ProfileHeader.swift; sourceTree = "<group>"; };
		4CE1AA662C424FF200FE5594 /* ProfileView.swift */ = {isa = PBXFileReference; lastKnownFileType = sourcecode.swift; path = ProfileView.swift; sourceTree = "<group>"; };
		4CE1AA6B2C42570A00FE5594 /* ContentSheet.swift */ = {isa = PBXFileReference; lastKnownFileType = sourcecode.swift; path = ContentSheet.swift; sourceTree = "<group>"; };
		4CE1AA702C42597100FE5594 /* BottomSheetDragGestureModifier.swift */ = {isa = PBXFileReference; lastKnownFileType = sourcecode.swift; path = BottomSheetDragGestureModifier.swift; sourceTree = "<group>"; };
		4CE1AA742C425BCF00FE5594 /* ContentProfileWrapper.swift */ = {isa = PBXFileReference; lastKnownFileType = sourcecode.swift; path = ContentProfileWrapper.swift; sourceTree = "<group>"; };
		4CE1AA762C425C1D00FE5594 /* ContentProfileInfoView.swift */ = {isa = PBXFileReference; lastKnownFileType = sourcecode.swift; path = ContentProfileInfoView.swift; sourceTree = "<group>"; };
		4CE1AA802C425EE400FE5594 /* TabBarContentFilter.swift */ = {isa = PBXFileReference; lastKnownFileType = sourcecode.swift; path = TabBarContentFilter.swift; sourceTree = "<group>"; };
		4CE1AA8E2C4260B400FE5594 /* PostEngagementView.swift */ = {isa = PBXFileReference; lastKnownFileType = sourcecode.swift; path = PostEngagementView.swift; sourceTree = "<group>"; };
		4CE1AA902C42CBD600FE5594 /* ExploreView.swift */ = {isa = PBXFileReference; lastKnownFileType = sourcecode.swift; path = ExploreView.swift; sourceTree = "<group>"; };
/* End PBXFileReference section */

/* Begin PBXFrameworksBuildPhase section */
		4C8AB7DA2C3FB34200E3B190 /* Frameworks */ = {
			isa = PBXFrameworksBuildPhase;
			buildActionMask = 2147483647;
			files = (
			);
			runOnlyForDeploymentPostprocessing = 0;
		};
/* End PBXFrameworksBuildPhase section */

/* Begin PBXGroup section */
		4C0508462C58837E00A6DFBE /* Shared */ = {
			isa = PBXGroup;
			children = (
				4C0508472C58866500A6DFBE /* CommentInputView.swift */,
			);
			path = Shared;
			sourceTree = "<group>";
		};
		4C8AB7D42C3FB34200E3B190 = {
			isa = PBXGroup;
			children = (
				4C8AB7DF2C3FB34200E3B190 /* MeSpace */,
				4C8AB7DE2C3FB34200E3B190 /* Products */,
			);
			sourceTree = "<group>";
		};
		4C8AB7DE2C3FB34200E3B190 /* Products */ = {
			isa = PBXGroup;
			children = (
				4C8AB7DD2C3FB34200E3B190 /* MeSpace.app */,
			);
			name = Products;
			sourceTree = "<group>";
		};
		4C8AB7DF2C3FB34200E3B190 /* MeSpace */ = {
			isa = PBXGroup;
			children = (
				4C8AB7EE2C3FF89200E3B190 /* App */,
				4C8AB7EF2C3FF8A000E3B190 /* Core */,
				4C8AB7F22C3FF8B500E3B190 /* Extensions */,
				4C8AB7F02C3FF8AA00E3B190 /* Model */,
				4C8AB7F32C3FF8C200E3B190 /* Services */,
				4C8AB7F12C3FF8B000E3B190 /* Utils */,
				4C8AB7E42C3FB34500E3B190 /* Assets.xcassets */,
				4C8AB7E62C3FB34500E3B190 /* Preview Content */,
			);
			path = MeSpace;
			sourceTree = "<group>";
		};
		4C8AB7E62C3FB34500E3B190 /* Preview Content */ = {
			isa = PBXGroup;
			children = (
				4C8AB7E72C3FB34500E3B190 /* Preview Assets.xcassets */,
			);
			path = "Preview Content";
			sourceTree = "<group>";
		};
		4C8AB7EE2C3FF89200E3B190 /* App */ = {
			isa = PBXGroup;
			children = (
				4C8AB7E02C3FB34200E3B190 /* MeSpaceApp.swift */,
			);
			path = App;
			sourceTree = "<group>";
		};
		4C8AB7EF2C3FF8A000E3B190 /* Core */ = {
			isa = PBXGroup;
			children = (
				4C8AB7FA2C4000C500E3B190 /* Authentication */,
				4C8AB7F72C4000A400E3B190 /* Components */,
				4C8AB7F82C4000AA00E3B190 /* CreatePost */,
				4C8AB7FB2C4000EC00E3B190 /* Explore */,
				4C8AB7F62C40009C00E3B190 /* Profile */,
				4C8AB7F92C4000B700E3B190 /* Message */,
				4C8AB7F52C40009100E3B190 /* Root */,
				4C8AB7F42C40008B00E3B190 /* TabBar */,
			);
			path = Core;
			sourceTree = "<group>";
		};
		4C8AB7F02C3FF8AA00E3B190 /* Model */ = {
			isa = PBXGroup;
			children = (
			);
			path = Model;
			sourceTree = "<group>";
		};
		4C8AB7F12C3FF8B000E3B190 /* Utils */ = {
			isa = PBXGroup;
			children = (
				4CDC31842C4FD40400951575 /* BlurView.swift */,
			);
			path = Utils;
			sourceTree = "<group>";
		};
		4C8AB7F22C3FF8B500E3B190 /* Extensions */ = {
			isa = PBXGroup;
			children = (
				4CDC31822C4FCF7700951575 /* BlurType.swift */,
				4CDE08642C54F79100E2A783 /* Color.swift */,
			);
			path = Extensions;
			sourceTree = "<group>";
		};
		4C8AB7F32C3FF8C200E3B190 /* Services */ = {
			isa = PBXGroup;
			children = (
				4CE1AA6F2C42595000FE5594 /* ViewModifiers */,
			);
			path = Services;
			sourceTree = "<group>";
		};
		4C8AB7F42C40008B00E3B190 /* TabBar */ = {
			isa = PBXGroup;
			children = (
				4CBB949D2C41716800EA1C40 /* MeSpaceTabView.swift */,
				4CBB949F2C4171F200EA1C40 /* CustomTabView.swift */,
			);
			path = TabBar;
			sourceTree = "<group>";
		};
		4C8AB7F52C40009100E3B190 /* Root */ = {
			isa = PBXGroup;
			children = (
				4CC896BC2C44DE03006CBC2E /* Test */,
				4C8AB7E22C3FB34200E3B190 /* ContentView.swift */,
			);
			path = Root;
			sourceTree = "<group>";
		};
		4C8AB7F62C40009C00E3B190 /* Profile */ = {
			isa = PBXGroup;
			children = (
				4CDC57142C57C5960042855E /* PostViews */,
				4CDE08662C551C7900E2A783 /* Post */,
				4CE1AA662C424FF200FE5594 /* ProfileView.swift */,
				4CE1AA602C422BF100FE5594 /* Canvas */,
				4CE1AA682C42561100FE5594 /* ProfileBottomSheet */,
			);
			path = Profile;
			sourceTree = "<group>";
		};
		4C8AB7F72C4000A400E3B190 /* Components */ = {
			isa = PBXGroup;
			children = (
				4CE1AA8E2C4260B400FE5594 /* PostEngagementView.swift */,
			);
			path = Components;
			sourceTree = "<group>";
		};
		4C8AB7F82C4000AA00E3B190 /* CreatePost */ = {
			isa = PBXGroup;
			children = (
			);
			path = CreatePost;
			sourceTree = "<group>";
		};
		4C8AB7F92C4000B700E3B190 /* Message */ = {
			isa = PBXGroup;
			children = (
			);
			path = Message;
			sourceTree = "<group>";
		};
		4C8AB7FA2C4000C500E3B190 /* Authentication */ = {
			isa = PBXGroup;
			children = (
				4C8AB7FE2C400BB900E3B190 /* Login */,
				4C8AB7FF2C400BBF00E3B190 /* Registration */,
			);
			path = Authentication;
			sourceTree = "<group>";
		};
		4C8AB7FB2C4000EC00E3B190 /* Explore */ = {
			isa = PBXGroup;
			children = (
				4CE1AA902C42CBD600FE5594 /* ExploreView.swift */,
			);
			path = Explore;
			sourceTree = "<group>";
		};
		4C8AB7FE2C400BB900E3B190 /* Login */ = {
			isa = PBXGroup;
			children = (
				4C8AB8002C400D1700E3B190 /* Views */,
				4C8AB8012C400D1C00E3B190 /* ViewModels */,
				4C8AB8022C400D2400E3B190 /* Models */,
			);
			path = Login;
			sourceTree = "<group>";
		};
		4C8AB7FF2C400BBF00E3B190 /* Registration */ = {
			isa = PBXGroup;
			children = (
				4C8AB8062C400D6200E3B190 /* Views */,
				4C8AB8042C400D4500E3B190 /* ViewModels */,
				4C8AB8032C400D4100E3B190 /* Models */,
			);
			path = Registration;
			sourceTree = "<group>";
		};
		4C8AB8002C400D1700E3B190 /* Views */ = {
			isa = PBXGroup;
			children = (
				4CBB94872C40E66400EA1C40 /* SubViews */,
				4C8AB8072C400D8300E3B190 /* LogInView.swift */,
			);
			path = Views;
			sourceTree = "<group>";
		};
		4C8AB8012C400D1C00E3B190 /* ViewModels */ = {
			isa = PBXGroup;
			children = (
			);
			path = ViewModels;
			sourceTree = "<group>";
		};
		4C8AB8022C400D2400E3B190 /* Models */ = {
			isa = PBXGroup;
			children = (
			);
			path = Models;
			sourceTree = "<group>";
		};
		4C8AB8032C400D4100E3B190 /* Models */ = {
			isa = PBXGroup;
			children = (
			);
			path = Models;
			sourceTree = "<group>";
		};
		4C8AB8042C400D4500E3B190 /* ViewModels */ = {
			isa = PBXGroup;
			children = (
			);
			path = ViewModels;
			sourceTree = "<group>";
		};
		4C8AB8062C400D6200E3B190 /* Views */ = {
			isa = PBXGroup;
			children = (
				4CBB94922C41473300EA1C40 /* SubViews */,
				4CBB94902C41472400EA1C40 /* RegistrationView.swift */,
			);
			path = Views;
			sourceTree = "<group>";
		};
		4CA480432C4D49A700874D20 /* CustomizedSpace */ = {
			isa = PBXGroup;
			children = (
				4CDC5C782C47AD160083F590 /* SpaceContainer.swift */,
				4CA480442C4D49F800874D20 /* LinksContainerView.swift */,
			);
			path = CustomizedSpace;
			sourceTree = "<group>";
		};
		4CBB94872C40E66400EA1C40 /* SubViews */ = {
			isa = PBXGroup;
			children = (
				4CBB94882C41015000EA1C40 /* LoginHeaderView.swift */,
				4CBB948A2C41017D00EA1C40 /* NavAndActionsView.swift */,
				4CBB948C2C4101A600EA1C40 /* RegistrationLinkView.swift */,
				4CBB948E2C4101D100EA1C40 /* SignInInputView.swift */,
			);
			path = SubViews;
			sourceTree = "<group>";
		};
		4CBB94922C41473300EA1C40 /* SubViews */ = {
			isa = PBXGroup;
			children = (
				4CBB94932C4147CB00EA1C40 /* BackgroundView.swift */,
				4CBB94952C41487B00EA1C40 /* InputFieldView.swift */,
				4CBB94972C41490F00EA1C40 /* RegistrationFormView.swift */,
				4CBB94992C41492A00EA1C40 /* RegistrationHeaderView.swift */,
				4CBB949B2C41494600EA1C40 /* SignInPromptView.swift */,
			);
			path = SubViews;
			sourceTree = "<group>";
		};
		4CC896BC2C44DE03006CBC2E /* Test */ = {
			isa = PBXGroup;
			children = (
			);
			path = Test;
			sourceTree = "<group>";
		};
		4CDC57142C57C5960042855E /* PostViews */ = {
			isa = PBXGroup;
			children = (
				4C0508462C58837E00A6DFBE /* Shared */,
				4CDC57152C57CF410042855E /* OwnPosts */,
				4CDC57162C57CF5A0042855E /* UserPosts */,
			);
			path = PostViews;
			sourceTree = "<group>";
		};
		4CDC57152C57CF410042855E /* OwnPosts */ = {
			isa = PBXGroup;
			children = (
				4CDC57192C57D5310042855E /* SubViews */,
				4CDC57172C57D49A0042855E /* OwnPostDetailedView.swift */,
			);
			path = OwnPosts;
			sourceTree = "<group>";
		};
		4CDC57162C57CF5A0042855E /* UserPosts */ = {
			isa = PBXGroup;
			children = (
			);
			path = UserPosts;
			sourceTree = "<group>";
		};
		4CDC57192C57D5310042855E /* SubViews */ = {
			isa = PBXGroup;
			children = (
				4CDC571A2C57DE540042855E /* PostHeaderView.swift */,
				4CDC571C2C57DF5D0042855E /* PostCommentsView.swift */,
				4CDC571E2C57E0590042855E /* PostDescriptionView.swift */,
			);
			path = SubViews;
			sourceTree = "<group>";
		};
		4CDE08662C551C7900E2A783 /* Post */ = {
			isa = PBXGroup;
			children = (
				4CDE086A2C5520DD00E2A783 /* View */,
				4CDE08672C551C8000E2A783 /* Model */,
			);
			path = Post;
			sourceTree = "<group>";
		};
		4CDE08672C551C8000E2A783 /* Model */ = {
			isa = PBXGroup;
			children = (
				4CDE08682C551CC800E2A783 /* Post.swift */,
			);
			path = Model;
			sourceTree = "<group>";
		};
		4CDE086A2C5520DD00E2A783 /* View */ = {
			isa = PBXGroup;
			children = (
				4CDE086B2C55210300E2A783 /* PostView.swift */,
			);
			path = View;
			sourceTree = "<group>";
		};
		4CE1AA602C422BF100FE5594 /* Canvas */ = {
			isa = PBXGroup;
			children = (
				4CE1AA612C4240A200FE5594 /* SpaceCanvasView.swift */,
				4CE1AA632C4240E300FE5594 /* SubViews */,
				4CDC31862C4FDA8300951575 /* CanvasTabBar.swift */,
			);
			path = Canvas;
			sourceTree = "<group>";
		};
		4CE1AA632C4240E300FE5594 /* SubViews */ = {
			isa = PBXGroup;
			children = (
				4CA480432C4D49A700874D20 /* CustomizedSpace */,
				4CE1AA642C42410300FE5594 /* ProfileHeader.swift */,
				4CDC5C7A2C47E8910083F590 /* CommentWall.swift */,
				4CB8805D2C4E44B5008C1605 /* ExtraContainer.swift */,
			);
			path = SubViews;
			sourceTree = "<group>";
		};
		4CE1AA682C42561100FE5594 /* ProfileBottomSheet */ = {
			isa = PBXGroup;
			children = (
				4CE1AA6B2C42570A00FE5594 /* ContentSheet.swift */,
				4CE1AA6A2C42566400FE5594 /* BottomSheetContent */,
				4CE1AA692C42562A00FE5594 /* ProfileHeader */,
			);
			path = ProfileBottomSheet;
			sourceTree = "<group>";
		};
		4CE1AA692C42562A00FE5594 /* ProfileHeader */ = {
			isa = PBXGroup;
			children = (
				4CE1AA742C425BCF00FE5594 /* ContentProfileWrapper.swift */,
				4CE1AA762C425C1D00FE5594 /* ContentProfileInfoView.swift */,
				4CDC5C742C47A2E50083F590 /* FollowerDataView.swift */,
			);
			path = ProfileHeader;
			sourceTree = "<group>";
		};
		4CE1AA6A2C42566400FE5594 /* BottomSheetContent */ = {
			isa = PBXGroup;
			children = (
				4CE1AA7F2C425EBA00FE5594 /* Model */,
				4CDC5C762C47A5160083F590 /* ContentFilterTabBarWrapper.swift */,
			);
			path = BottomSheetContent;
			sourceTree = "<group>";
		};
		4CE1AA6F2C42595000FE5594 /* ViewModifiers */ = {
			isa = PBXGroup;
			children = (
				4CE1AA702C42597100FE5594 /* BottomSheetDragGestureModifier.swift */,
			);
			path = ViewModifiers;
			sourceTree = "<group>";
		};
		4CE1AA7F2C425EBA00FE5594 /* Model */ = {
			isa = PBXGroup;
			children = (
				4CE1AA802C425EE400FE5594 /* TabBarContentFilter.swift */,
			);
			path = Model;
			sourceTree = "<group>";
		};
/* End PBXGroup section */

/* Begin PBXNativeTarget section */
		4C8AB7DC2C3FB34200E3B190 /* MeSpace */ = {
			isa = PBXNativeTarget;
			buildConfigurationList = 4C8AB7EB2C3FB34500E3B190 /* Build configuration list for PBXNativeTarget "MeSpace" */;
			buildPhases = (
				4C8AB7D92C3FB34200E3B190 /* Sources */,
				4C8AB7DA2C3FB34200E3B190 /* Frameworks */,
				4C8AB7DB2C3FB34200E3B190 /* Resources */,
			);
			buildRules = (
			);
			dependencies = (
			);
			name = MeSpace;
			productName = MeSpace;
			productReference = 4C8AB7DD2C3FB34200E3B190 /* MeSpace.app */;
			productType = "com.apple.product-type.application";
		};
/* End PBXNativeTarget section */

/* Begin PBXProject section */
		4C8AB7D52C3FB34200E3B190 /* Project object */ = {
			isa = PBXProject;
			attributes = {
				BuildIndependentTargetsInParallel = 1;
				LastSwiftUpdateCheck = 1540;
				LastUpgradeCheck = 1540;
				TargetAttributes = {
					4C8AB7DC2C3FB34200E3B190 = {
						CreatedOnToolsVersion = 15.4;
					};
				};
			};
			buildConfigurationList = 4C8AB7D82C3FB34200E3B190 /* Build configuration list for PBXProject "MeSpace" */;
			compatibilityVersion = "Xcode 14.0";
			developmentRegion = en;
			hasScannedForEncodings = 0;
			knownRegions = (
				en,
				Base,
			);
			mainGroup = 4C8AB7D42C3FB34200E3B190;
			productRefGroup = 4C8AB7DE2C3FB34200E3B190 /* Products */;
			projectDirPath = "";
			projectRoot = "";
			targets = (
				4C8AB7DC2C3FB34200E3B190 /* MeSpace */,
			);
		};
/* End PBXProject section */

/* Begin PBXResourcesBuildPhase section */
		4C8AB7DB2C3FB34200E3B190 /* Resources */ = {
			isa = PBXResourcesBuildPhase;
			buildActionMask = 2147483647;
			files = (
				4C8AB7E82C3FB34500E3B190 /* Preview Assets.xcassets in Resources */,
				4C8AB7E52C3FB34500E3B190 /* Assets.xcassets in Resources */,
			);
			runOnlyForDeploymentPostprocessing = 0;
		};
/* End PBXResourcesBuildPhase section */

/* Begin PBXSourcesBuildPhase section */
		4C8AB7D92C3FB34200E3B190 /* Sources */ = {
			isa = PBXSourcesBuildPhase;
			buildActionMask = 2147483647;
			files = (
				4CDC31832C4FCF7700951575 /* BlurType.swift in Sources */,
				4CBB94942C4147CB00EA1C40 /* BackgroundView.swift in Sources */,
				4CDC571B2C57DE540042855E /* PostHeaderView.swift in Sources */,
				4CDC5C7B2C47E8910083F590 /* CommentWall.swift in Sources */,
				4CE1AA712C42597100FE5594 /* BottomSheetDragGestureModifier.swift in Sources */,
				4CDC5C792C47AD160083F590 /* SpaceContainer.swift in Sources */,
				4C8AB8082C400D8300E3B190 /* LogInView.swift in Sources */,
				4CDC571F2C57E0590042855E /* PostDescriptionView.swift in Sources */,
				4CE1AA622C4240A200FE5594 /* SpaceCanvasView.swift in Sources */,
				4CE1AA752C425BCF00FE5594 /* ContentProfileWrapper.swift in Sources */,
				4CBB949A2C41492A00EA1C40 /* RegistrationHeaderView.swift in Sources */,
				4CDE086C2C55210300E2A783 /* PostView.swift in Sources */,
				4CDC31872C4FDA8300951575 /* CanvasTabBar.swift in Sources */,
				4CBB94892C41015000EA1C40 /* LoginHeaderView.swift in Sources */,
				4C8AB7E32C3FB34200E3B190 /* ContentView.swift in Sources */,
				4CE1AA772C425C1D00FE5594 /* ContentProfileInfoView.swift in Sources */,
				4CB8805E2C4E44B5008C1605 /* ExtraContainer.swift in Sources */,
				4CDC571D2C57DF5D0042855E /* PostCommentsView.swift in Sources */,
				4CBB948F2C4101D100EA1C40 /* SignInInputView.swift in Sources */,
				4CDE08692C551CC800E2A783 /* Post.swift in Sources */,
				4CE1AA8F2C4260B400FE5594 /* PostEngagementView.swift in Sources */,
				4CBB948B2C41017D00EA1C40 /* NavAndActionsView.swift in Sources */,
				4CDC57182C57D49A0042855E /* OwnPostDetailedView.swift in Sources */,
				4CA480452C4D49F800874D20 /* LinksContainerView.swift in Sources */,
				4CBB949C2C41494600EA1C40 /* SignInPromptView.swift in Sources */,
				4C8AB7E12C3FB34200E3B190 /* MeSpaceApp.swift in Sources */,
				4CE1AA6C2C42570A00FE5594 /* ContentSheet.swift in Sources */,
				4CE1AA672C424FF200FE5594 /* ProfileView.swift in Sources */,
				4CE1AA912C42CBD600FE5594 /* ExploreView.swift in Sources */,
				4CDE08652C54F79100E2A783 /* Color.swift in Sources */,
				4CBB948D2C4101A600EA1C40 /* RegistrationLinkView.swift in Sources */,
				4CDC5C752C47A2E50083F590 /* FollowerDataView.swift in Sources */,
				4CBB94962C41487B00EA1C40 /* InputFieldView.swift in Sources */,
				4CBB949E2C41716800EA1C40 /* MeSpaceTabView.swift in Sources */,
				4CDC31852C4FD40400951575 /* BlurView.swift in Sources */,
				4CE1AA812C425EE400FE5594 /* TabBarContentFilter.swift in Sources */,
				4CBB94A02C4171F200EA1C40 /* CustomTabView.swift in Sources */,
				4C0508482C58866500A6DFBE /* CommentInputView.swift in Sources */,
				4CBB94912C41472400EA1C40 /* RegistrationView.swift in Sources */,
				4CBB94982C41490F00EA1C40 /* RegistrationFormView.swift in Sources */,
				4CDC5C772C47A5160083F590 /* ContentFilterTabBarWrapper.swift in Sources */,
				4CE1AA652C42410300FE5594 /* ProfileHeader.swift in Sources */,
			);
			runOnlyForDeploymentPostprocessing = 0;
		};
/* End PBXSourcesBuildPhase section */

/* Begin XCBuildConfiguration section */
		4C8AB7E92C3FB34500E3B190 /* Debug */ = {
			isa = XCBuildConfiguration;
			buildSettings = {
				ALWAYS_SEARCH_USER_PATHS = NO;
				ASSETCATALOG_COMPILER_GENERATE_SWIFT_ASSET_SYMBOL_EXTENSIONS = YES;
				CLANG_ANALYZER_NONNULL = YES;
				CLANG_ANALYZER_NUMBER_OBJECT_CONVERSION = YES_AGGRESSIVE;
				CLANG_CXX_LANGUAGE_STANDARD = "gnu++20";
				CLANG_ENABLE_MODULES = YES;
				CLANG_ENABLE_OBJC_ARC = YES;
				CLANG_ENABLE_OBJC_WEAK = YES;
				CLANG_WARN_BLOCK_CAPTURE_AUTORELEASING = YES;
				CLANG_WARN_BOOL_CONVERSION = YES;
				CLANG_WARN_COMMA = YES;
				CLANG_WARN_CONSTANT_CONVERSION = YES;
				CLANG_WARN_DEPRECATED_OBJC_IMPLEMENTATIONS = YES;
				CLANG_WARN_DIRECT_OBJC_ISA_USAGE = YES_ERROR;
				CLANG_WARN_DOCUMENTATION_COMMENTS = YES;
				CLANG_WARN_EMPTY_BODY = YES;
				CLANG_WARN_ENUM_CONVERSION = YES;
				CLANG_WARN_INFINITE_RECURSION = YES;
				CLANG_WARN_INT_CONVERSION = YES;
				CLANG_WARN_NON_LITERAL_NULL_CONVERSION = YES;
				CLANG_WARN_OBJC_IMPLICIT_RETAIN_SELF = YES;
				CLANG_WARN_OBJC_LITERAL_CONVERSION = YES;
				CLANG_WARN_OBJC_ROOT_CLASS = YES_ERROR;
				CLANG_WARN_QUOTED_INCLUDE_IN_FRAMEWORK_HEADER = YES;
				CLANG_WARN_RANGE_LOOP_ANALYSIS = YES;
				CLANG_WARN_STRICT_PROTOTYPES = YES;
				CLANG_WARN_SUSPICIOUS_MOVE = YES;
				CLANG_WARN_UNGUARDED_AVAILABILITY = YES_AGGRESSIVE;
				CLANG_WARN_UNREACHABLE_CODE = YES;
				CLANG_WARN__DUPLICATE_METHOD_MATCH = YES;
				COPY_PHASE_STRIP = NO;
				DEBUG_INFORMATION_FORMAT = dwarf;
				ENABLE_STRICT_OBJC_MSGSEND = YES;
				ENABLE_TESTABILITY = YES;
				ENABLE_USER_SCRIPT_SANDBOXING = YES;
				GCC_C_LANGUAGE_STANDARD = gnu17;
				GCC_DYNAMIC_NO_PIC = NO;
				GCC_NO_COMMON_BLOCKS = YES;
				GCC_OPTIMIZATION_LEVEL = 0;
				GCC_PREPROCESSOR_DEFINITIONS = (
					"DEBUG=1",
					"$(inherited)",
				);
				GCC_WARN_64_TO_32_BIT_CONVERSION = YES;
				GCC_WARN_ABOUT_RETURN_TYPE = YES_ERROR;
				GCC_WARN_UNDECLARED_SELECTOR = YES;
				GCC_WARN_UNINITIALIZED_AUTOS = YES_AGGRESSIVE;
				GCC_WARN_UNUSED_FUNCTION = YES;
				GCC_WARN_UNUSED_VARIABLE = YES;
				IPHONEOS_DEPLOYMENT_TARGET = 17.5;
				LOCALIZATION_PREFERS_STRING_CATALOGS = YES;
				MTL_ENABLE_DEBUG_INFO = INCLUDE_SOURCE;
				MTL_FAST_MATH = YES;
				ONLY_ACTIVE_ARCH = YES;
				SDKROOT = iphoneos;
				SWIFT_ACTIVE_COMPILATION_CONDITIONS = "DEBUG $(inherited)";
				SWIFT_OPTIMIZATION_LEVEL = "-Onone";
			};
			name = Debug;
		};
		4C8AB7EA2C3FB34500E3B190 /* Release */ = {
			isa = XCBuildConfiguration;
			buildSettings = {
				ALWAYS_SEARCH_USER_PATHS = NO;
				ASSETCATALOG_COMPILER_GENERATE_SWIFT_ASSET_SYMBOL_EXTENSIONS = YES;
				CLANG_ANALYZER_NONNULL = YES;
				CLANG_ANALYZER_NUMBER_OBJECT_CONVERSION = YES_AGGRESSIVE;
				CLANG_CXX_LANGUAGE_STANDARD = "gnu++20";
				CLANG_ENABLE_MODULES = YES;
				CLANG_ENABLE_OBJC_ARC = YES;
				CLANG_ENABLE_OBJC_WEAK = YES;
				CLANG_WARN_BLOCK_CAPTURE_AUTORELEASING = YES;
				CLANG_WARN_BOOL_CONVERSION = YES;
				CLANG_WARN_COMMA = YES;
				CLANG_WARN_CONSTANT_CONVERSION = YES;
				CLANG_WARN_DEPRECATED_OBJC_IMPLEMENTATIONS = YES;
				CLANG_WARN_DIRECT_OBJC_ISA_USAGE = YES_ERROR;
				CLANG_WARN_DOCUMENTATION_COMMENTS = YES;
				CLANG_WARN_EMPTY_BODY = YES;
				CLANG_WARN_ENUM_CONVERSION = YES;
				CLANG_WARN_INFINITE_RECURSION = YES;
				CLANG_WARN_INT_CONVERSION = YES;
				CLANG_WARN_NON_LITERAL_NULL_CONVERSION = YES;
				CLANG_WARN_OBJC_IMPLICIT_RETAIN_SELF = YES;
				CLANG_WARN_OBJC_LITERAL_CONVERSION = YES;
				CLANG_WARN_OBJC_ROOT_CLASS = YES_ERROR;
				CLANG_WARN_QUOTED_INCLUDE_IN_FRAMEWORK_HEADER = YES;
				CLANG_WARN_RANGE_LOOP_ANALYSIS = YES;
				CLANG_WARN_STRICT_PROTOTYPES = YES;
				CLANG_WARN_SUSPICIOUS_MOVE = YES;
				CLANG_WARN_UNGUARDED_AVAILABILITY = YES_AGGRESSIVE;
				CLANG_WARN_UNREACHABLE_CODE = YES;
				CLANG_WARN__DUPLICATE_METHOD_MATCH = YES;
				COPY_PHASE_STRIP = NO;
				DEBUG_INFORMATION_FORMAT = "dwarf-with-dsym";
				ENABLE_NS_ASSERTIONS = NO;
				ENABLE_STRICT_OBJC_MSGSEND = YES;
				ENABLE_USER_SCRIPT_SANDBOXING = YES;
				GCC_C_LANGUAGE_STANDARD = gnu17;
				GCC_NO_COMMON_BLOCKS = YES;
				GCC_WARN_64_TO_32_BIT_CONVERSION = YES;
				GCC_WARN_ABOUT_RETURN_TYPE = YES_ERROR;
				GCC_WARN_UNDECLARED_SELECTOR = YES;
				GCC_WARN_UNINITIALIZED_AUTOS = YES_AGGRESSIVE;
				GCC_WARN_UNUSED_FUNCTION = YES;
				GCC_WARN_UNUSED_VARIABLE = YES;
				IPHONEOS_DEPLOYMENT_TARGET = 17.5;
				LOCALIZATION_PREFERS_STRING_CATALOGS = YES;
				MTL_ENABLE_DEBUG_INFO = NO;
				MTL_FAST_MATH = YES;
				SDKROOT = iphoneos;
				SWIFT_COMPILATION_MODE = wholemodule;
				VALIDATE_PRODUCT = YES;
			};
			name = Release;
		};
		4C8AB7EC2C3FB34500E3B190 /* Debug */ = {
			isa = XCBuildConfiguration;
			buildSettings = {
				ASSETCATALOG_COMPILER_APPICON_NAME = AppIcon;
				ASSETCATALOG_COMPILER_GLOBAL_ACCENT_COLOR_NAME = AccentColor;
				CODE_SIGN_STYLE = Automatic;
				CURRENT_PROJECT_VERSION = 1;
				DEVELOPMENT_ASSET_PATHS = "\"MeSpace/Preview Content\"";
				DEVELOPMENT_TEAM = BCUFVJJD88;
				ENABLE_PREVIEWS = YES;
				GENERATE_INFOPLIST_FILE = YES;
				INFOPLIST_KEY_UIApplicationSceneManifest_Generation = YES;
				INFOPLIST_KEY_UIApplicationSupportsIndirectInputEvents = YES;
				INFOPLIST_KEY_UILaunchScreen_Generation = YES;
				INFOPLIST_KEY_UISupportedInterfaceOrientations_iPad = "UIInterfaceOrientationPortrait UIInterfaceOrientationPortraitUpsideDown UIInterfaceOrientationLandscapeLeft UIInterfaceOrientationLandscapeRight";
				INFOPLIST_KEY_UISupportedInterfaceOrientations_iPhone = "UIInterfaceOrientationPortrait UIInterfaceOrientationLandscapeLeft UIInterfaceOrientationLandscapeRight";
				LD_RUNPATH_SEARCH_PATHS = (
					"$(inherited)",
					"@executable_path/Frameworks",
				);
				MARKETING_VERSION = 1.0;
				PRODUCT_BUNDLE_IDENTIFIER = com.mespace.MeSpace;
				PRODUCT_NAME = "$(TARGET_NAME)";
				SWIFT_EMIT_LOC_STRINGS = YES;
				SWIFT_VERSION = 5.0;
				TARGETED_DEVICE_FAMILY = "1,2";
			};
			name = Debug;
		};
		4C8AB7ED2C3FB34500E3B190 /* Release */ = {
			isa = XCBuildConfiguration;
			buildSettings = {
				ASSETCATALOG_COMPILER_APPICON_NAME = AppIcon;
				ASSETCATALOG_COMPILER_GLOBAL_ACCENT_COLOR_NAME = AccentColor;
				CODE_SIGN_STYLE = Automatic;
				CURRENT_PROJECT_VERSION = 1;
				DEVELOPMENT_ASSET_PATHS = "\"MeSpace/Preview Content\"";
				DEVELOPMENT_TEAM = BCUFVJJD88;
				ENABLE_PREVIEWS = YES;
				GENERATE_INFOPLIST_FILE = YES;
				INFOPLIST_KEY_UIApplicationSceneManifest_Generation = YES;
				INFOPLIST_KEY_UIApplicationSupportsIndirectInputEvents = YES;
				INFOPLIST_KEY_UILaunchScreen_Generation = YES;
				INFOPLIST_KEY_UISupportedInterfaceOrientations_iPad = "UIInterfaceOrientationPortrait UIInterfaceOrientationPortraitUpsideDown UIInterfaceOrientationLandscapeLeft UIInterfaceOrientationLandscapeRight";
				INFOPLIST_KEY_UISupportedInterfaceOrientations_iPhone = "UIInterfaceOrientationPortrait UIInterfaceOrientationLandscapeLeft UIInterfaceOrientationLandscapeRight";
				LD_RUNPATH_SEARCH_PATHS = (
					"$(inherited)",
					"@executable_path/Frameworks",
				);
				MARKETING_VERSION = 1.0;
				PRODUCT_BUNDLE_IDENTIFIER = com.mespace.MeSpace;
				PRODUCT_NAME = "$(TARGET_NAME)";
				SWIFT_EMIT_LOC_STRINGS = YES;
				SWIFT_VERSION = 5.0;
				TARGETED_DEVICE_FAMILY = "1,2";
			};
			name = Release;
		};
/* End XCBuildConfiguration section */

/* Begin XCConfigurationList section */
		4C8AB7D82C3FB34200E3B190 /* Build configuration list for PBXProject "MeSpace" */ = {
			isa = XCConfigurationList;
			buildConfigurations = (
				4C8AB7E92C3FB34500E3B190 /* Debug */,
				4C8AB7EA2C3FB34500E3B190 /* Release */,
			);
			defaultConfigurationIsVisible = 0;
			defaultConfigurationName = Release;
		};
		4C8AB7EB2C3FB34500E3B190 /* Build configuration list for PBXNativeTarget "MeSpace" */ = {
			isa = XCConfigurationList;
			buildConfigurations = (
				4C8AB7EC2C3FB34500E3B190 /* Debug */,
				4C8AB7ED2C3FB34500E3B190 /* Release */,
			);
			defaultConfigurationIsVisible = 0;
			defaultConfigurationName = Release;
		};
/* End XCConfigurationList section */
	};
	rootObject = 4C8AB7D52C3FB34200E3B190 /* Project object */;
}
